// !$*UTF8*$!
{
	archiveVersion = 1;
	classes = {
	};
	objectVersion = 77;
	objects = {

/* Begin PBXBuildFile section */
		F4EA586B2E39444F00903EAD /* Lottie in Frameworks */ = {isa = PBXBuildFile; productRef = F4EA586A2E39444F00903EAD /* Lottie */; };
/* End PBXBuildFile section */

/* Begin PBXContainerItemProxy section */
		F49730A82E35356F001D8E6D /* PBXContainerItemProxy */ = {
			isa = PBXContainerItemProxy;
			containerPortal = F49730922E35356D001D8E6D /* Project object */;
			proxyType = 1;
			remoteGlobalIDString = F49730992E35356D001D8E6D;
			remoteInfo = PerfectBrew;
		};
		F49730B22E35356F001D8E6D /* PBXContainerItemProxy */ = {
			isa = PBXContainerItemProxy;
			containerPortal = F49730922E35356D001D8E6D /* Project object */;
			proxyType = 1;
			remoteGlobalIDString = F49730992E35356D001D8E6D;
			remoteInfo = PerfectBrew;
		};
/* End PBXContainerItemProxy section */

/* Begin PBXCopyFilesBuildPhase section */
		F4EA58682E393D3700903EAD /* Embed Frameworks */ = {
			isa = PBXCopyFilesBuildPhase;
			buildActionMask = 2147483647;
			dstPath = "";
			dstSubfolderSpec = 10;
			files = (
			);
			name = "Embed Frameworks";
			runOnlyForDeploymentPostprocessing = 0;
		};
/* End PBXCopyFilesBuildPhase section */

/* Begin PBXFileReference section */
		F497309A2E35356D001D8E6D /* PerfectBrew.app */ = {isa = PBXFileReference; explicitFileType = wrapper.application; includeInIndex = 0; path = PerfectBrew.app; sourceTree = BUILT_PRODUCTS_DIR; };
		F49730A72E35356F001D8E6D /* PerfectBrewTests.xctest */ = {isa = PBXFileReference; explicitFileType = wrapper.cfbundle; includeInIndex = 0; path = PerfectBrewTests.xctest; sourceTree = BUILT_PRODUCTS_DIR; };
		F49730B12E35356F001D8E6D /* PerfectBrewUITests.xctest */ = {isa = PBXFileReference; explicitFileType = wrapper.cfbundle; includeInIndex = 0; path = PerfectBrewUITests.xctest; sourceTree = BUILT_PRODUCTS_DIR; };
/* End PBXFileReference section */

/* Begin PBXFileSystemSynchronizedRootGroup section */
		F497309C2E35356D001D8E6D /* PerfectBrew */ = {
			isa = PBXFileSystemSynchronizedRootGroup;
			path = PerfectBrew;
			sourceTree = "<group>";
		};
		F49730AA2E35356F001D8E6D /* PerfectBrewTests */ = {
			isa = PBXFileSystemSynchronizedRootGroup;
			path = PerfectBrewTests;
			sourceTree = "<group>";
		};
		F49730B42E35356F001D8E6D /* PerfectBrewUITests */ = {
			isa = PBXFileSystemSynchronizedRootGroup;
			path = PerfectBrewUITests;
			sourceTree = "<group>";
		};
/* End PBXFileSystemSynchronizedRootGroup section */

/* Begin PBXFrameworksBuildPhase section */
		F49730972E35356D001D8E6D /* Frameworks */ = {
			isa = PBXFrameworksBuildPhase;
			buildActionMask = 2147483647;
			files = (
				F4EA586B2E39444F00903EAD /* Lottie in Frameworks */,
			);
			runOnlyForDeploymentPostprocessing = 0;
		};
		F49730A42E35356F001D8E6D /* Frameworks */ = {
			isa = PBXFrameworksBuildPhase;
			buildActionMask = 2147483647;
			files = (
			);
			runOnlyForDeploymentPostprocessing = 0;
		};
		F49730AE2E35356F001D8E6D /* Frameworks */ = {
			isa = PBXFrameworksBuildPhase;
			buildActionMask = 2147483647;
			files = (
			);
			runOnlyForDeploymentPostprocessing = 0;
		};
/* End PBXFrameworksBuildPhase section */

/* Begin PBXGroup section */
		F49730912E35356D001D8E6D = {
			isa = PBXGroup;
			children = (
				F497309C2E35356D001D8E6D /* PerfectBrew */,
				F49730AA2E35356F001D8E6D /* PerfectBrewTests */,
				F49730B42E35356F001D8E6D /* PerfectBrewUITests */,
				F4EA58622E393D1F00903EAD /* Frameworks */,
				F497309B2E35356D001D8E6D /* Products */,
			);
			sourceTree = "<group>";
		};
		F497309B2E35356D001D8E6D /* Products */ = {
			isa = PBXGroup;
			children = (
				F497309A2E35356D001D8E6D /* PerfectBrew.app */,
				F49730A72E35356F001D8E6D /* PerfectBrewTests.xctest */,
				F49730B12E35356F001D8E6D /* PerfectBrewUITests.xctest */,
			);
			name = Products;
			sourceTree = "<group>";
		};
		F4EA58622E393D1F00903EAD /* Frameworks */ = {
			isa = PBXGroup;
			children = (
			);
			name = Frameworks;
			sourceTree = "<group>";
		};
/* End PBXGroup section */

/* Begin PBXNativeTarget section */
		F49730992E35356D001D8E6D /* PerfectBrew */ = {
			isa = PBXNativeTarget;
			buildConfigurationList = F49730BB2E35356F001D8E6D /* Build configuration list for PBXNativeTarget "PerfectBrew" */;
			buildPhases = (
				F49730962E35356D001D8E6D /* Sources */,
				F49730972E35356D001D8E6D /* Frameworks */,
				F49730982E35356D001D8E6D /* Resources */,
				F4EA58682E393D3700903EAD /* Embed Frameworks */,
			);
			buildRules = (
			);
			dependencies = (
			);
			fileSystemSynchronizedGroups = (
				F497309C2E35356D001D8E6D /* PerfectBrew */,
			);
			name = PerfectBrew;
			packageProductDependencies = (
				F4EA586A2E39444F00903EAD /* Lottie */,
			);
			productName = PerfectBrew;
			productReference = F497309A2E35356D001D8E6D /* PerfectBrew.app */;
			productType = "com.apple.product-type.application";
		};
		F49730A62E35356F001D8E6D /* PerfectBrewTests */ = {
			isa = PBXNativeTarget;
			buildConfigurationList = F49730BE2E35356F001D8E6D /* Build configuration list for PBXNativeTarget "PerfectBrewTests" */;
			buildPhases = (
				F49730A32E35356F001D8E6D /* Sources */,
				F49730A42E35356F001D8E6D /* Frameworks */,
				F49730A52E35356F001D8E6D /* Resources */,
			);
			buildRules = (
			);
			dependencies = (
				F49730A92E35356F001D8E6D /* PBXTargetDependency */,
			);
			fileSystemSynchronizedGroups = (
				F49730AA2E35356F001D8E6D /* PerfectBrewTests */,
			);
			name = PerfectBrewTests;
			packageProductDependencies = (
			);
			productName = PerfectBrewTests;
			productReference = F49730A72E35356F001D8E6D /* PerfectBrewTests.xctest */;
			productType = "com.apple.product-type.bundle.unit-test";
		};
		F49730B02E35356F001D8E6D /* PerfectBrewUITests */ = {
			isa = PBXNativeTarget;
			buildConfigurationList = F49730C12E35356F001D8E6D /* Build configuration list for PBXNativeTarget "PerfectBrewUITests" */;
			buildPhases = (
				F49730AD2E35356F001D8E6D /* Sources */,
				F49730AE2E35356F001D8E6D /* Frameworks */,
				F49730AF2E35356F001D8E6D /* Resources */,
			);
			buildRules = (
			);
			dependencies = (
				F49730B32E35356F001D8E6D /* PBXTargetDependency */,
			);
			fileSystemSynchronizedGroups = (
				F49730B42E35356F001D8E6D /* PerfectBrewUITests */,
			);
			name = PerfectBrewUITests;
			packageProductDependencies = (
			);
			productName = PerfectBrewUITests;
			productReference = F49730B12E35356F001D8E6D /* PerfectBrewUITests.xctest */;
			productType = "com.apple.product-type.bundle.ui-testing";
		};
/* End PBXNativeTarget section */

/* Begin PBXProject section */
		F49730922E35356D001D8E6D /* Project object */ = {
			isa = PBXProject;
			attributes = {
				BuildIndependentTargetsInParallel = 1;
				LastSwiftUpdateCheck = 1640;
				LastUpgradeCheck = 1640;
				TargetAttributes = {
					F49730992E35356D001D8E6D = {
						CreatedOnToolsVersion = 16.4;
					};
					F49730A62E35356F001D8E6D = {
						CreatedOnToolsVersion = 16.4;
						TestTargetID = F49730992E35356D001D8E6D;
					};
					F49730B02E35356F001D8E6D = {
						CreatedOnToolsVersion = 16.4;
						TestTargetID = F49730992E35356D001D8E6D;
					};
				};
			};
			buildConfigurationList = F49730952E35356D001D8E6D /* Build configuration list for PBXProject "PerfectBrew" */;
			developmentRegion = en;
			hasScannedForEncodings = 0;
			knownRegions = (
				en,
				Base,
			);
			mainGroup = F49730912E35356D001D8E6D;
			minimizedProjectReferenceProxies = 1;
			packageReferences = (
				F4EA58692E39444F00903EAD /* XCRemoteSwiftPackageReference "lottie-ios" */,
			);
			preferredProjectObjectVersion = 77;
			productRefGroup = F497309B2E35356D001D8E6D /* Products */;
			projectDirPath = "";
			projectRoot = "";
			targets = (
				F49730992E35356D001D8E6D /* PerfectBrew */,
				F49730A62E35356F001D8E6D /* PerfectBrewTests */,
				F49730B02E35356F001D8E6D /* PerfectBrewUITests */,
			);
		};
/* End PBXProject section */

/* Begin PBXResourcesBuildPhase section */
		F49730982E35356D001D8E6D /* Resources */ = {
			isa = PBXResourcesBuildPhase;
			buildActionMask = 2147483647;
			files = (
			);
			runOnlyForDeploymentPostprocessing = 0;
		};
		F49730A52E35356F001D8E6D /* Resources */ = {
			isa = PBXResourcesBuildPhase;
			buildActionMask = 2147483647;
			files = (
			);
			runOnlyForDeploymentPostprocessing = 0;
		};
		F49730AF2E35356F001D8E6D /* Resources */ = {
			isa = PBXResourcesBuildPhase;
			buildActionMask = 2147483647;
			files = (
			);
			runOnlyForDeploymentPostprocessing = 0;
		};
/* End PBXResourcesBuildPhase section */

/* Begin PBXSourcesBuildPhase section */
		F49730962E35356D001D8E6D /* Sources */ = {
			isa = PBXSourcesBuildPhase;
			buildActionMask = 2147483647;
			files = (
			);
			runOnlyForDeploymentPostprocessing = 0;
		};
		F49730A32E35356F001D8E6D /* Sources */ = {
			isa = PBXSourcesBuildPhase;
			buildActionMask = 2147483647;
			files = (
			);
			runOnlyForDeploymentPostprocessing = 0;
		};
		F49730AD2E35356F001D8E6D /* Sources */ = {
			isa = PBXSourcesBuildPhase;
			buildActionMask = 2147483647;
			files = (
			);
			runOnlyForDeploymentPostprocessing = 0;
		};
/* End PBXSourcesBuildPhase section */

/* Begin PBXTargetDependency section */
		F49730A92E35356F001D8E6D /* PBXTargetDependency */ = {
			isa = PBXTargetDependency;
			target = F49730992E35356D001D8E6D /* PerfectBrew */;
			targetProxy = F49730A82E35356F001D8E6D /* PBXContainerItemProxy */;
		};
		F49730B32E35356F001D8E6D /* PBXTargetDependency */ = {
			isa = PBXTargetDependency;
			target = F49730992E35356D001D8E6D /* PerfectBrew */;
			targetProxy = F49730B22E35356F001D8E6D /* PBXContainerItemProxy */;
		};
/* End PBXTargetDependency section */

/* Begin XCBuildConfiguration section */
		F49730B92E35356F001D8E6D /* Debug */ = {
			isa = XCBuildConfiguration;
			buildSettings = {
				ALWAYS_SEARCH_USER_PATHS = NO;
				ASSETCATALOG_COMPILER_GENERATE_SWIFT_ASSET_SYMBOL_EXTENSIONS = YES;
				CLANG_ANALYZER_NONNULL = YES;
				CLANG_ANALYZER_NUMBER_OBJECT_CONVERSION = YES_AGGRESSIVE;
				CLANG_CXX_LANGUAGE_STANDARD = "gnu++20";
				CLANG_ENABLE_MODULES = YES;
				CLANG_ENABLE_OBJC_ARC = YES;
				CLANG_ENABLE_OBJC_WEAK = YES;
				CLANG_WARN_BLOCK_CAPTURE_AUTORELEASING = YES;
				CLANG_WARN_BOOL_CONVERSION = YES;
				CLANG_WARN_COMMA = YES;
				CLANG_WARN_CONSTANT_CONVERSION = YES;
				CLANG_WARN_DEPRECATED_OBJC_IMPLEMENTATIONS = YES;
				CLANG_WARN_DIRECT_OBJC_ISA_USAGE = YES_ERROR;
				CLANG_WARN_DOCUMENTATION_COMMENTS = YES;
				CLANG_WARN_EMPTY_BODY = YES;
				CLANG_WARN_ENUM_CONVERSION = YES;
				CLANG_WARN_INFINITE_RECURSION = YES;
				CLANG_WARN_INT_CONVERSION = YES;
				CLANG_WARN_NON_LITERAL_NULL_CONVERSION = YES;
				CLANG_WARN_OBJC_IMPLICIT_RETAIN_SELF = YES;
				CLANG_WARN_OBJC_LITERAL_CONVERSION = YES;
				CLANG_WARN_OBJC_ROOT_CLASS = YES_ERROR;
				CLANG_WARN_QUOTED_INCLUDE_IN_FRAMEWORK_HEADER = YES;
				CLANG_WARN_RANGE_LOOP_ANALYSIS = YES;
				CLANG_WARN_STRICT_PROTOTYPES = YES;
				CLANG_WARN_SUSPICIOUS_MOVE = YES;
				CLANG_WARN_UNGUARDED_AVAILABILITY = YES_AGGRESSIVE;
				CLANG_WARN_UNREACHABLE_CODE = YES;
				CLANG_WARN__DUPLICATE_METHOD_MATCH = YES;
				COPY_PHASE_STRIP = NO;
				DEBUG_INFORMATION_FORMAT = dwarf;
				ENABLE_STRICT_OBJC_MSGSEND = YES;
				ENABLE_TESTABILITY = YES;
				ENABLE_USER_SCRIPT_SANDBOXING = YES;
				GCC_C_LANGUAGE_STANDARD = gnu17;
				GCC_DYNAMIC_NO_PIC = NO;
				GCC_NO_COMMON_BLOCKS = YES;
				GCC_OPTIMIZATION_LEVEL = 0;
				GCC_PREPROCESSOR_DEFINITIONS = (
					"DEBUG=1",
					"$(inherited)",
				);
				GCC_WARN_64_TO_32_BIT_CONVERSION = YES;
				GCC_WARN_ABOUT_RETURN_TYPE = YES_ERROR;
				GCC_WARN_UNDECLARED_SELECTOR = YES;
				GCC_WARN_UNINITIALIZED_AUTOS = YES_AGGRESSIVE;
				GCC_WARN_UNUSED_FUNCTION = YES;
				GCC_WARN_UNUSED_VARIABLE = YES;
				IPHONEOS_DEPLOYMENT_TARGET = 18.5;
				LOCALIZATION_PREFERS_STRING_CATALOGS = YES;
				MTL_ENABLE_DEBUG_INFO = INCLUDE_SOURCE;
				MTL_FAST_MATH = YES;
				ONLY_ACTIVE_ARCH = YES;
				SDKROOT = iphoneos;
				SWIFT_ACTIVE_COMPILATION_CONDITIONS = "DEBUG $(inherited)";
				SWIFT_OPTIMIZATION_LEVEL = "-Onone";
			};
			name = Debug;
		};
		F49730BA2E35356F001D8E6D /* Release */ = {
			isa = XCBuildConfiguration;
			buildSettings = {
				ALWAYS_SEARCH_USER_PATHS = NO;
				ASSETCATALOG_COMPILER_GENERATE_SWIFT_ASSET_SYMBOL_EXTENSIONS = YES;
				CLANG_ANALYZER_NONNULL = YES;
				CLANG_ANALYZER_NUMBER_OBJECT_CONVERSION = YES_AGGRESSIVE;
				CLANG_CXX_LANGUAGE_STANDARD = "gnu++20";
				CLANG_ENABLE_MODULES = YES;
				CLANG_ENABLE_OBJC_ARC = YES;
				CLANG_ENABLE_OBJC_WEAK = YES;
				CLANG_WARN_BLOCK_CAPTURE_AUTORELEASING = YES;
				CLANG_WARN_BOOL_CONVERSION = YES;
				CLANG_WARN_COMMA = YES;
				CLANG_WARN_CONSTANT_CONVERSION = YES;
				CLANG_WARN_DEPRECATED_OBJC_IMPLEMENTATIONS = YES;
				CLANG_WARN_DIRECT_OBJC_ISA_USAGE = YES_ERROR;
				CLANG_WARN_DOCUMENTATION_COMMENTS = YES;
				CLANG_WARN_EMPTY_BODY = YES;
				CLANG_WARN_ENUM_CONVERSION = YES;
				CLANG_WARN_INFINITE_RECURSION = YES;
				CLANG_WARN_INT_CONVERSION = YES;
				CLANG_WARN_NON_LITERAL_NULL_CONVERSION = YES;
				CLANG_WARN_OBJC_IMPLICIT_RETAIN_SELF = YES;
				CLANG_WARN_OBJC_LITERAL_CONVERSION = YES;
				CLANG_WARN_OBJC_ROOT_CLASS = YES_ERROR;
				CLANG_WARN_QUOTED_INCLUDE_IN_FRAMEWORK_HEADER = YES;
				CLANG_WARN_RANGE_LOOP_ANALYSIS = YES;
				CLANG_WARN_STRICT_PROTOTYPES = YES;
				CLANG_WARN_SUSPICIOUS_MOVE = YES;
				CLANG_WARN_UNGUARDED_AVAILABILITY = YES_AGGRESSIVE;
				CLANG_WARN_UNREACHABLE_CODE = YES;
				CLANG_WARN__DUPLICATE_METHOD_MATCH = YES;
				COPY_PHASE_STRIP = NO;
				DEBUG_INFORMATION_FORMAT = "dwarf-with-dsym";
				ENABLE_NS_ASSERTIONS = NO;
				ENABLE_STRICT_OBJC_MSGSEND = YES;
				ENABLE_USER_SCRIPT_SANDBOXING = YES;
				GCC_C_LANGUAGE_STANDARD = gnu17;
				GCC_NO_COMMON_BLOCKS = YES;
				GCC_WARN_64_TO_32_BIT_CONVERSION = YES;
				GCC_WARN_ABOUT_RETURN_TYPE = YES_ERROR;
				GCC_WARN_UNDECLARED_SELECTOR = YES;
				GCC_WARN_UNINITIALIZED_AUTOS = YES_AGGRESSIVE;
				GCC_WARN_UNUSED_FUNCTION = YES;
				GCC_WARN_UNUSED_VARIABLE = YES;
				IPHONEOS_DEPLOYMENT_TARGET = 18.5;
				LOCALIZATION_PREFERS_STRING_CATALOGS = YES;
				MTL_ENABLE_DEBUG_INFO = NO;
				MTL_FAST_MATH = YES;
				SDKROOT = iphoneos;
				SWIFT_COMPILATION_MODE = wholemodule;
				VALIDATE_PRODUCT = YES;
			};
			name = Release;
		};
		F49730BC2E35356F001D8E6D /* Debug */ = {
			isa = XCBuildConfiguration;
			buildSettings = {
				ASSETCATALOG_COMPILER_APPICON_NAME = AppIcon;
				ASSETCATALOG_COMPILER_GLOBAL_ACCENT_COLOR_NAME = AccentColor;
				CODE_SIGN_STYLE = Automatic;
				CURRENT_PROJECT_VERSION = 1;
				ENABLE_PREVIEWS = YES;
				GENERATE_INFOPLIST_FILE = YES;
				INFOPLIST_KEY_UIApplicationSceneManifest_Generation = YES;
				INFOPLIST_KEY_UIApplicationSupportsIndirectInputEvents = YES;
				INFOPLIST_KEY_UILaunchScreen_Generation = YES;
				INFOPLIST_KEY_UISupportedInterfaceOrientations_iPad = "UIInterfaceOrientationPortrait UIInterfaceOrientationPortraitUpsideDown UIInterfaceOrientationLandscapeLeft UIInterfaceOrientationLandscapeRight";
				INFOPLIST_KEY_UISupportedInterfaceOrientations_iPhone = "UIInterfaceOrientationPortrait UIInterfaceOrientationLandscapeLeft UIInterfaceOrientationLandscapeRight";
				LD_RUNPATH_SEARCH_PATHS = (
					"$(inherited)",
					"@executable_path/Frameworks",
				);
				MARKETING_VERSION = 1.0;
				PRODUCT_BUNDLE_IDENTIFIER = AE.PerfectBrew;
				PRODUCT_NAME = "$(TARGET_NAME)";
				SWIFT_EMIT_LOC_STRINGS = YES;
				SWIFT_VERSION = 5.0;
				TARGETED_DEVICE_FAMILY = "1,2";
			};
			name = Debug;
		};
		F49730BD2E35356F001D8E6D /* Release */ = {
			isa = XCBuildConfiguration;
			buildSettings = {
				ASSETCATALOG_COMPILER_APPICON_NAME = AppIcon;
				ASSETCATALOG_COMPILER_GLOBAL_ACCENT_COLOR_NAME = AccentColor;
				CODE_SIGN_STYLE = Automatic;
				CURRENT_PROJECT_VERSION = 1;
				ENABLE_PREVIEWS = YES;
				GENERATE_INFOPLIST_FILE = YES;
				INFOPLIST_KEY_UIApplicationSceneManifest_Generation = YES;
				INFOPLIST_KEY_UIApplicationSupportsIndirectInputEvents = YES;
				INFOPLIST_KEY_UILaunchScreen_Generation = YES;
				INFOPLIST_KEY_UISupportedInterfaceOrientations_iPad = "UIInterfaceOrientationPortrait UIInterfaceOrientationPortraitUpsideDown UIInterfaceOrientationLandscapeLeft UIInterfaceOrientationLandscapeRight";
				INFOPLIST_KEY_UISupportedInterfaceOrientations_iPhone = "UIInterfaceOrientationPortrait UIInterfaceOrientationLandscapeLeft UIInterfaceOrientationLandscapeRight";
				LD_RUNPATH_SEARCH_PATHS = (
					"$(inherited)",
					"@executable_path/Frameworks",
				);
				MARKETING_VERSION = 1.0;
				PRODUCT_BUNDLE_IDENTIFIER = AE.PerfectBrew;
				PRODUCT_NAME = "$(TARGET_NAME)";
				SWIFT_EMIT_LOC_STRINGS = YES;
				SWIFT_VERSION = 5.0;
				TARGETED_DEVICE_FAMILY = "1,2";
			};
			name = Release;
		};
		F49730BF2E35356F001D8E6D /* Debug */ = {
			isa = XCBuildConfiguration;
			buildSettings = {
				BUNDLE_LOADER = "$(TEST_HOST)";
				CODE_SIGN_STYLE = Automatic;
				CURRENT_PROJECT_VERSION = 1;
				GENERATE_INFOPLIST_FILE = YES;
				IPHONEOS_DEPLOYMENT_TARGET = 18.5;
				MARKETING_VERSION = 1.0;
				PRODUCT_BUNDLE_IDENTIFIER = AE.PerfectBrewTests;
				PRODUCT_NAME = "$(TARGET_NAME)";
				SWIFT_EMIT_LOC_STRINGS = NO;
				SWIFT_VERSION = 5.0;
				TARGETED_DEVICE_FAMILY = "1,2";
				TEST_HOST = "$(BUILT_PRODUCTS_DIR)/PerfectBrew.app/$(BUNDLE_EXECUTABLE_FOLDER_PATH)/PerfectBrew";
			};
			name = Debug;
		};
		F49730C02E35356F001D8E6D /* Release */ = {
			isa = XCBuildConfiguration;
			buildSettings = {
				BUNDLE_LOADER = "$(TEST_HOST)";
				CODE_SIGN_STYLE = Automatic;
				CURRENT_PROJECT_VERSION = 1;
				GENERATE_INFOPLIST_FILE = YES;
				IPHONEOS_DEPLOYMENT_TARGET = 18.5;
				MARKETING_VERSION = 1.0;
				PRODUCT_BUNDLE_IDENTIFIER = AE.PerfectBrewTests;
				PRODUCT_NAME = "$(TARGET_NAME)";
				SWIFT_EMIT_LOC_STRINGS = NO;
				SWIFT_VERSION = 5.0;
				TARGETED_DEVICE_FAMILY = "1,2";
				TEST_HOST = "$(BUILT_PRODUCTS_DIR)/PerfectBrew.app/$(BUNDLE_EXECUTABLE_FOLDER_PATH)/PerfectBrew";
			};
			name = Release;
		};
		F49730C22E35356F001D8E6D /* Debug */ = {
			isa = XCBuildConfiguration;
			buildSettings = {
				CODE_SIGN_STYLE = Automatic;
				CURRENT_PROJECT_VERSION = 1;
				GENERATE_INFOPLIST_FILE = YES;
				MARKETING_VERSION = 1.0;
				PRODUCT_BUNDLE_IDENTIFIER = AE.PerfectBrewUITests;
				PRODUCT_NAME = "$(TARGET_NAME)";
				SWIFT_EMIT_LOC_STRINGS = NO;
				SWIFT_VERSION = 5.0;
				TARGETED_DEVICE_FAMILY = "1,2";
				TEST_TARGET_NAME = PerfectBrew;
			};
			name = Debug;
		};
		F49730C32E35356F001D8E6D /* Release */ = {
			isa = XCBuildConfiguration;
			buildSettings = {
				CODE_SIGN_STYLE = Automatic;
				CURRENT_PROJECT_VERSION = 1;
				GENERATE_INFOPLIST_FILE = YES;
				MARKETING_VERSION = 1.0;
				PRODUCT_BUNDLE_IDENTIFIER = AE.PerfectBrewUITests;
				PRODUCT_NAME = "$(TARGET_NAME)";
				SWIFT_EMIT_LOC_STRINGS = NO;
				SWIFT_VERSION = 5.0;
				TARGETED_DEVICE_FAMILY = "1,2";
				TEST_TARGET_NAME = PerfectBrew;
			};
			name = Release;
		};
/* End XCBuildConfiguration section */

/* Begin XCConfigurationList section */
		F49730952E35356D001D8E6D /* Build configuration list for PBXProject "PerfectBrew" */ = {
			isa = XCConfigurationList;
			buildConfigurations = (
				F49730B92E35356F001D8E6D /* Debug */,
				F49730BA2E35356F001D8E6D /* Release */,
			);
			defaultConfigurationIsVisible = 0;
			defaultConfigurationName = Release;
		};
		F49730BB2E35356F001D8E6D /* Build configuration list for PBXNativeTarget "PerfectBrew" */ = {
			isa = XCConfigurationList;
			buildConfigurations = (
				F49730BC2E35356F001D8E6D /* Debug */,
				F49730BD2E35356F001D8E6D /* Release */,
			);
			defaultConfigurationIsVisible = 0;
			defaultConfigurationName = Release;
		};
		F49730BE2E35356F001D8E6D /* Build configuration list for PBXNativeTarget "PerfectBrewTests" */ = {
			isa = XCConfigurationList;
			buildConfigurations = (
				F49730BF2E35356F001D8E6D /* Debug */,
				F49730C02E35356F001D8E6D /* Release */,
			);
			defaultConfigurationIsVisible = 0;
			defaultConfigurationName = Release;
		};
		F49730C12E35356F001D8E6D /* Build configuration list for PBXNativeTarget "PerfectBrewUITests" */ = {
			isa = XCConfigurationList;
			buildConfigurations = (
				F49730C22E35356F001D8E6D /* Debug */,
				F49730C32E35356F001D8E6D /* Release */,
			);
			defaultConfigurationIsVisible = 0;
			defaultConfigurationName = Release;
		};
/* End XCConfigurationList section */

/* Begin XCRemoteSwiftPackageReference section */
		F4EA58692E39444F00903EAD /* XCRemoteSwiftPackageReference "lottie-ios" */ = {
			isa = XCRemoteSwiftPackageReference;
			repositoryURL = "https://github.com/airbnb/lottie-ios.git";
			requirement = {
				kind = upToNextMajorVersion;
				minimumVersion = 4.5.2;
			};
		};
/* End XCRemoteSwiftPackageReference section */

/* Begin XCSwiftPackageProductDependency section */
		F4EA586A2E39444F00903EAD /* Lottie */ = {
			isa = XCSwiftPackageProductDependency;
			package = F4EA58692E39444F00903EAD /* XCRemoteSwiftPackageReference "lottie-ios" */;
			productName = Lottie;
		};
/* End XCSwiftPackageProductDependency section */
	};
	rootObject = F49730922E35356D001D8E6D /* Project object */;
}
